
Microsoft Visual Studio Solution File, Format Version 12.00
# Visual Studio Version 17
VisualStudioVersion = 17.9.34902.65
MinimumVisualStudioVersion = 10.0.40219.1
Project("{FAE04EC0-301F-11D3-BF4B-00C04F79EFBC}") = "TournamentExplorer.Api", "TournamentExplorer.Api\TournamentExplorer.Api.csproj", "{31B602AB-F8AD-47C7-8765-E00A65FFF8FE}"
EndProject
Global
	GlobalSection(SolutionConfigurationPlatforms) = preSolution
		Debug|Any CPU = Debug|Any CPU
		Release|Any CPU = Release|Any CPU
	EndGlobalSection
	GlobalSection(ProjectConfigurationPlatforms) = postSolution
		{31B602AB-F8AD-47C7-8765-E00A65FFF8FE}.Debug|Any CPU.ActiveCfg = Debug|Any CPU
		{31B602AB-F8AD-47C7-8765-E00A65FFF8FE}.Debug|Any CPU.Build.0 = Debug|Any CPU
		{31B602AB-F8AD-47C7-8765-E00A65FFF8FE}.Release|Any CPU.ActiveCfg = Release|Any CPU
		{31B602AB-F8AD-47C7-8765-E00A65FFF8FE}.Release|Any CPU.Build.0 = Release|Any CPU
	EndGlobalSection
	GlobalSection(SolutionProperties) = preSolution
		HideSolutionNode = FALSE
	EndGlobalSection
	GlobalSection(ExtensibilityGlobals) = postSolution
		SolutionGuid = {5AF667E1-9851-4156-BB86-D413610AE952}
	EndGlobalSection
EndGlobal
